
Microsoft Visual Studio Solution File, Format Version 12.00
# Visual Studio Version 16
VisualStudioVersion = 16.0.30413.136
MinimumVisualStudioVersion = 10.0.40219.1
Project("{9A19103F-16F7-4668-BE54-9A1E7A4F7556}") = "BankKata.Application", "BankKata.Application\BankKata.Application.csproj", "{06C758A2-69E0-4B09-AC85-782B5470C91D}"
EndProject
Project("{9A19103F-16F7-4668-BE54-9A1E7A4F7556}") = "BankKata.Tests", "BankKata.Tests\BankKata.Tests.csproj", "{C553793A-FE9D-453A-9571-F857B4DC0D28}"
EndProject
Global
	GlobalSection(SolutionConfigurationPlatforms) = preSolution
		Debug|Any CPU = Debug|Any CPU
		Release|Any CPU = Release|Any CPU
	EndGlobalSection
	GlobalSection(ProjectConfigurationPlatforms) = postSolution
		{06C758A2-69E0-4B09-AC85-782B5470C91D}.Debug|Any CPU.ActiveCfg = Debug|Any CPU
		{06C758A2-69E0-4B09-AC85-782B5470C91D}.Debug|Any CPU.Build.0 = Debug|Any CPU
		{06C758A2-69E0-4B09-AC85-782B5470C91D}.Release|Any CPU.ActiveCfg = Release|Any CPU
		{06C758A2-69E0-4B09-AC85-782B5470C91D}.Release|Any CPU.Build.0 = Release|Any CPU
		{C553793A-FE9D-453A-9571-F857B4DC0D28}.Debug|Any CPU.ActiveCfg = Debug|Any CPU
		{C553793A-FE9D-453A-9571-F857B4DC0D28}.Debug|Any CPU.Build.0 = Debug|Any CPU
		{C553793A-FE9D-453A-9571-F857B4DC0D28}.Release|Any CPU.ActiveCfg = Release|Any CPU
		{C553793A-FE9D-453A-9571-F857B4DC0D28}.Release|Any CPU.Build.0 = Release|Any CPU
	EndGlobalSection
	GlobalSection(SolutionProperties) = preSolution
		HideSolutionNode = FALSE
	EndGlobalSection
	GlobalSection(ExtensibilityGlobals) = postSolution
		SolutionGuid = {FDA770DE-2CF7-45A3-A2F3-5401B4A392B1}
	EndGlobalSection
EndGlobal
